
Microsoft Visual Studio Solution File, Format Version 12.00
# Visual Studio 2013
VisualStudioVersion = 12.0.31101.0
MinimumVisualStudioVersion = 10.0.40219.1
Project("{FAE04EC0-301F-11D3-BF4B-00C04F79EFBC}") = "ClassLibrary1", "ClassLibrary1\ClassLibrary1.csproj", "{103005F6-25FC-4A88-BA8E-0AAA5255E995}"
EndProject
Project("{FAE04EC0-301F-11D3-BF4B-00C04F79EFBC}") = "top10ConcurrentDictionary", "..\..\..\jquery\code\IntroAsync\materials\materials\3-m3-designs-and-patterns-exercise-files\exercise-files\after\Netflix-Par-ConcurrentDictionary\top10\top10ConcurrentDictionary.csproj", "{B36EC52D-4CA0-4B76-AA90-B31649B3E1C0}"
EndProject
Global
	GlobalSection(SolutionConfigurationPlatforms) = preSolution
		Debug|Any CPU = Debug|Any CPU
		Debug|x86 = Debug|x86
		Release|Any CPU = Release|Any CPU
		Release|x86 = Release|x86
	EndGlobalSection
	GlobalSection(ProjectConfigurationPlatforms) = postSolution
		{103005F6-25FC-4A88-BA8E-0AAA5255E995}.Debug|Any CPU.ActiveCfg = Debug|Any CPU
		{103005F6-25FC-4A88-BA8E-0AAA5255E995}.Debug|Any CPU.Build.0 = Debug|Any CPU
		{103005F6-25FC-4A88-BA8E-0AAA5255E995}.Debug|x86.ActiveCfg = Debug|Any CPU
		{103005F6-25FC-4A88-BA8E-0AAA5255E995}.Release|Any CPU.ActiveCfg = Release|Any CPU
		{103005F6-25FC-4A88-BA8E-0AAA5255E995}.Release|Any CPU.Build.0 = Release|Any CPU
		{103005F6-25FC-4A88-BA8E-0AAA5255E995}.Release|x86.ActiveCfg = Release|Any CPU
		{B36EC52D-4CA0-4B76-AA90-B31649B3E1C0}.Debug|Any CPU.ActiveCfg = Debug|Any CPU
		{B36EC52D-4CA0-4B76-AA90-B31649B3E1C0}.Debug|Any CPU.Build.0 = Debug|Any CPU
		{B36EC52D-4CA0-4B76-AA90-B31649B3E1C0}.Debug|x86.ActiveCfg = Debug|x86
		{B36EC52D-4CA0-4B76-AA90-B31649B3E1C0}.Debug|x86.Build.0 = Debug|x86
		{B36EC52D-4CA0-4B76-AA90-B31649B3E1C0}.Release|Any CPU.ActiveCfg = Release|Any CPU
		{B36EC52D-4CA0-4B76-AA90-B31649B3E1C0}.Release|Any CPU.Build.0 = Release|Any CPU
		{B36EC52D-4CA0-4B76-AA90-B31649B3E1C0}.Release|x86.ActiveCfg = Release|x86
		{B36EC52D-4CA0-4B76-AA90-B31649B3E1C0}.Release|x86.Build.0 = Release|x86
	EndGlobalSection
	GlobalSection(SolutionProperties) = preSolution
		HideSolutionNode = FALSE
	EndGlobalSection
EndGlobal
